
Microsoft Visual Studio Solution File, Format Version 12.00
Project("{FAE04EC0-301F-11D3-BF4B-00C04F79EFBC}") = "CalamitySchematicExporter", "src\CalamitySchematicExporter.Mod\CalamitySchematicExporter.csproj", "{05CB2EFC-252E-4CEA-B89B-E09643990951}"
EndProject
Global
	GlobalSection(SolutionConfigurationPlatforms) = preSolution
		Debug|Any CPU = Debug|Any CPU
		Release|Any CPU = Release|Any CPU
	EndGlobalSection
	GlobalSection(ProjectConfigurationPlatforms) = postSolution
		{05CB2EFC-252E-4CEA-B89B-E09643990951}.Debug|Any CPU.ActiveCfg = Debug|Any CPU
		{05CB2EFC-252E-4CEA-B89B-E09643990951}.Debug|Any CPU.Build.0 = Debug|Any CPU
		{05CB2EFC-252E-4CEA-B89B-E09643990951}.Release|Any CPU.ActiveCfg = Release|Any CPU
		{05CB2EFC-252E-4CEA-B89B-E09643990951}.Release|Any CPU.Build.0 = Release|Any CPU
	EndGlobalSection
EndGlobal
